
Microsoft Visual Studio Solution File, Format Version 12.00
# Visual Studio 2012
Project("{8BC9CEB8-8B4A-11D0-8D11-00A0C91BC942}") = "Server", "Server\Server.vcxproj", "{5D718537-8792-4F8C-9D33-363BA7D3EC46}"
EndProject
Project("{8BC9CEB8-8B4A-11D0-8D11-00A0C91BC942}") = "Client", "Client\Client.vcxproj", "{8FE52DC1-B1BA-4C2E-8122-F380C68ED65E}"
EndProject
Global
	GlobalSection(SolutionConfigurationPlatforms) = preSolution
		Debug|Win32 = Debug|Win32
		Release|Win32 = Release|Win32
	EndGlobalSection
	GlobalSection(ProjectConfigurationPlatforms) = postSolution
		{5D718537-8792-4F8C-9D33-363BA7D3EC46}.Debug|Win32.ActiveCfg = Debug|Win32
		{5D718537-8792-4F8C-9D33-363BA7D3EC46}.Debug|Win32.Build.0 = Debug|Win32
		{5D718537-8792-4F8C-9D33-363BA7D3EC46}.Release|Win32.ActiveCfg = Release|Win32
		{5D718537-8792-4F8C-9D33-363BA7D3EC46}.Release|Win32.Build.0 = Release|Win32
		{8FE52DC1-B1BA-4C2E-8122-F380C68ED65E}.Debug|Win32.ActiveCfg = Debug|Win32
		{8FE52DC1-B1BA-4C2E-8122-F380C68ED65E}.Debug|Win32.Build.0 = Debug|Win32
		{8FE52DC1-B1BA-4C2E-8122-F380C68ED65E}.Release|Win32.ActiveCfg = Release|Win32
		{8FE52DC1-B1BA-4C2E-8122-F380C68ED65E}.Release|Win32.Build.0 = Release|Win32
	EndGlobalSection
	GlobalSection(SolutionProperties) = preSolution
		HideSolutionNode = FALSE
	EndGlobalSection
EndGlobal
