
Microsoft Visual Studio Solution File, Format Version 12.00
# Visual Studio 2012
Project("{8BC9CEB8-8B4A-11D0-8D11-00A0C91BC942}") = "Server", "Client\Client.vcxproj", "{8FE52DC1-B1BA-4C2E-8122-F380C68ED65E}"
EndProject
Project("{8BC9CEB8-8B4A-11D0-8D11-00A0C91BC942}") = "Client", "Server\Projekt2.vcxproj", "{5ECC23BF-2F04-4C16-8BC5-8B1A7E707743}"
EndProject
Global
	GlobalSection(SolutionConfigurationPlatforms) = preSolution
		Debug|Win32 = Debug|Win32
		Release|Win32 = Release|Win32
	EndGlobalSection
	GlobalSection(ProjectConfigurationPlatforms) = postSolution
		{8FE52DC1-B1BA-4C2E-8122-F380C68ED65E}.Debug|Win32.ActiveCfg = Debug|Win32
		{8FE52DC1-B1BA-4C2E-8122-F380C68ED65E}.Debug|Win32.Build.0 = Debug|Win32
		{8FE52DC1-B1BA-4C2E-8122-F380C68ED65E}.Release|Win32.ActiveCfg = Release|Win32
		{8FE52DC1-B1BA-4C2E-8122-F380C68ED65E}.Release|Win32.Build.0 = Release|Win32
		{5ECC23BF-2F04-4C16-8BC5-8B1A7E707743}.Debug|Win32.ActiveCfg = Debug|Win32
		{5ECC23BF-2F04-4C16-8BC5-8B1A7E707743}.Debug|Win32.Build.0 = Debug|Win32
		{5ECC23BF-2F04-4C16-8BC5-8B1A7E707743}.Release|Win32.ActiveCfg = Release|Win32
		{5ECC23BF-2F04-4C16-8BC5-8B1A7E707743}.Release|Win32.Build.0 = Release|Win32
	EndGlobalSection
	GlobalSection(SolutionProperties) = preSolution
		HideSolutionNode = FALSE
	EndGlobalSection
EndGlobal
